// !$*UTF8*$!
{
	archiveVersion = 1;
	classes = {
	};
	objectVersion = 50;
	objects = {

/* Begin PBXBuildFile section */
		84914A8423E21559005AB616 /* AppDelegate.swift in Sources */ = {isa = PBXBuildFile; fileRef = 84914A8323E21559005AB616 /* AppDelegate.swift */; };
		84914A8623E21559005AB616 /* SceneDelegate.swift in Sources */ = {isa = PBXBuildFile; fileRef = 84914A8523E21559005AB616 /* SceneDelegate.swift */; };
		84914A8823E21559005AB616 /* ViewController.swift in Sources */ = {isa = PBXBuildFile; fileRef = 84914A8723E21559005AB616 /* ViewController.swift */; };
		84914A8B23E21559005AB616 /* Main.storyboard in Resources */ = {isa = PBXBuildFile; fileRef = 84914A8923E21559005AB616 /* Main.storyboard */; };
		84914A8D23E2155B005AB616 /* Assets.xcassets in Resources */ = {isa = PBXBuildFile; fileRef = 84914A8C23E2155B005AB616 /* Assets.xcassets */; };
		84914A9023E2155B005AB616 /* LaunchScreen.storyboard in Resources */ = {isa = PBXBuildFile; fileRef = 84914A8E23E2155B005AB616 /* LaunchScreen.storyboard */; };
/* End PBXBuildFile section */

/* Begin PBXFileReference section */
		84914A8023E21559005AB616 /* IlyinIA_HW2.1_Constrains.app */ = {isa = PBXFileReference; explicitFileType = wrapper.application; includeInIndex = 0; path = IlyinIA_HW2.1_Constrains.app; sourceTree = BUILT_PRODUCTS_DIR; };
		84914A8323E21559005AB616 /* AppDelegate.swift */ = {isa = PBXFileReference; lastKnownFileType = sourcecode.swift; path = AppDelegate.swift; sourceTree = "<group>"; };
		84914A8523E21559005AB616 /* SceneDelegate.swift */ = {isa = PBXFileReference; lastKnownFileType = sourcecode.swift; path = SceneDelegate.swift; sourceTree = "<group>"; };
		84914A8723E21559005AB616 /* ViewController.swift */ = {isa = PBXFileReference; lastKnownFileType = sourcecode.swift; path = ViewController.swift; sourceTree = "<group>"; };
		84914A8A23E21559005AB616 /* Base */ = {isa = PBXFileReference; lastKnownFileType = file.storyboard; name = Base; path = Base.lproj/Main.storyboard; sourceTree = "<group>"; };
		84914A8C23E2155B005AB616 /* Assets.xcassets */ = {isa = PBXFileReference; lastKnownFileType = folder.assetcatalog; path = Assets.xcassets; sourceTree = "<group>"; };
		84914A8F23E2155B005AB616 /* Base */ = {isa = PBXFileReference; lastKnownFileType = file.storyboard; name = Base; path = Base.lproj/LaunchScreen.storyboard; sourceTree = "<group>"; };
		84914A9123E2155B005AB616 /* Info.plist */ = {isa = PBXFileReference; lastKnownFileType = text.plist.xml; path = Info.plist; sourceTree = "<group>"; };
/* End PBXFileReference section */

/* Begin PBXFrameworksBuildPhase section */
		84914A7D23E21559005AB616 /* Frameworks */ = {
			isa = PBXFrameworksBuildPhase;
			buildActionMask = 2147483647;
			files = (
			);
			runOnlyForDeploymentPostprocessing = 0;
		};
/* End PBXFrameworksBuildPhase section */

/* Begin PBXGroup section */
		84914A7723E21559005AB616 = {
			isa = PBXGroup;
			children = (
				84914A8223E21559005AB616 /* IlyinIA_HW2.1_Constrains */,
				84914A8123E21559005AB616 /* Products */,
			);
			sourceTree = "<group>";
		};
		84914A8123E21559005AB616 /* Products */ = {
			isa = PBXGroup;
			children = (
				84914A8023E21559005AB616 /* IlyinIA_HW2.1_Constrains.app */,
			);
			name = Products;
			sourceTree = "<group>";
		};
		84914A8223E21559005AB616 /* IlyinIA_HW2.1_Constrains */ = {
			isa = PBXGroup;
			children = (
				84914A8323E21559005AB616 /* AppDelegate.swift */,
				84914A8523E21559005AB616 /* SceneDelegate.swift */,
				84914A8723E21559005AB616 /* ViewController.swift */,
				84914A8923E21559005AB616 /* Main.storyboard */,
				84914A8C23E2155B005AB616 /* Assets.xcassets */,
				84914A8E23E2155B005AB616 /* LaunchScreen.storyboard */,
				84914A9123E2155B005AB616 /* Info.plist */,
			);
			path = IlyinIA_HW2.1_Constrains;
			sourceTree = "<group>";
		};
/* End PBXGroup section */

/* Begin PBXNativeTarget section */
		84914A7F23E21559005AB616 /* IlyinIA_HW2.1_Constrains */ = {
			isa = PBXNativeTarget;
			buildConfigurationList = 84914A9423E2155B005AB616 /* Build configuration list for PBXNativeTarget "IlyinIA_HW2.1_Constrains" */;
			buildPhases = (
				84914A7C23E21559005AB616 /* Sources */,
				84914A7D23E21559005AB616 /* Frameworks */,
				84914A7E23E21559005AB616 /* Resources */,
			);
			buildRules = (
			);
			dependencies = (
			);
			name = IlyinIA_HW2.1_Constrains;
			productName = IlyinIA_HW2.1_Constrains;
			productReference = 84914A8023E21559005AB616 /* IlyinIA_HW2.1_Constrains.app */;
			productType = "com.apple.product-type.application";
		};
/* End PBXNativeTarget section */

/* Begin PBXProject section */
		84914A7823E21559005AB616 /* Project object */ = {
			isa = PBXProject;
			attributes = {
				LastSwiftUpdateCheck = 1130;
				LastUpgradeCheck = 1130;
				ORGANIZATIONNAME = "Igor Ilyin";
				TargetAttributes = {
					84914A7F23E21559005AB616 = {
						CreatedOnToolsVersion = 11.3.1;
					};
				};
			};
			buildConfigurationList = 84914A7B23E21559005AB616 /* Build configuration list for PBXProject "IlyinIA_HW2.1_Constrains" */;
			compatibilityVersion = "Xcode 9.3";
			developmentRegion = en;
			hasScannedForEncodings = 0;
			knownRegions = (
				en,
				Base,
			);
			mainGroup = 84914A7723E21559005AB616;
			productRefGroup = 84914A8123E21559005AB616 /* Products */;
			projectDirPath = "";
			projectRoot = "";
			targets = (
				84914A7F23E21559005AB616 /* IlyinIA_HW2.1_Constrains */,
			);
		};
/* End PBXProject section */

/* Begin PBXResourcesBuildPhase section */
		84914A7E23E21559005AB616 /* Resources */ = {
			isa = PBXResourcesBuildPhase;
			buildActionMask = 2147483647;
			files = (
				84914A9023E2155B005AB616 /* LaunchScreen.storyboard in Resources */,
				84914A8D23E2155B005AB616 /* Assets.xcassets in Resources */,
				84914A8B23E21559005AB616 /* Main.storyboard in Resources */,
			);
			runOnlyForDeploymentPostprocessing = 0;
		};
/* End PBXResourcesBuildPhase section */

/* Begin PBXSourcesBuildPhase section */
		84914A7C23E21559005AB616 /* Sources */ = {
			isa = PBXSourcesBuildPhase;
			buildActionMask = 2147483647;
			files = (
				84914A8823E21559005AB616 /* ViewController.swift in Sources */,
				84914A8423E21559005AB616 /* AppDelegate.swift in Sources */,
				84914A8623E21559005AB616 /* SceneDelegate.swift in Sources */,
			);
			runOnlyForDeploymentPostprocessing = 0;
		};
/* End PBXSourcesBuildPhase section */

/* Begin PBXVariantGroup section */
		84914A8923E21559005AB616 /* Main.storyboard */ = {
			isa = PBXVariantGroup;
			children = (
				84914A8A23E21559005AB616 /* Base */,
			);
			name = Main.storyboard;
			sourceTree = "<group>";
		};
		84914A8E23E2155B005AB616 /* LaunchScreen.storyboard */ = {
			isa = PBXVariantGroup;
			children = (
				84914A8F23E2155B005AB616 /* Base */,
			);
			name = LaunchScreen.storyboard;
			sourceTree = "<group>";
		};
/* End PBXVariantGroup section */

/* Begin XCBuildConfiguration section */
		84914A9223E2155B005AB616 /* Debug */ = {
			isa = XCBuildConfiguration;
			buildSettings = {
				ALWAYS_SEARCH_USER_PATHS = NO;
				CLANG_ANALYZER_NONNULL = YES;
				CLANG_ANALYZER_NUMBER_OBJECT_CONVERSION = YES_AGGRESSIVE;
				CLANG_CXX_LANGUAGE_STANDARD = "gnu++14";
				CLANG_CXX_LIBRARY = "libc++";
				CLANG_ENABLE_MODULES = YES;
				CLANG_ENABLE_OBJC_ARC = YES;
				CLANG_ENABLE_OBJC_WEAK = YES;
				CLANG_WARN_BLOCK_CAPTURE_AUTORELEASING = YES;
				CLANG_WARN_BOOL_CONVERSION = YES;
				CLANG_WARN_COMMA = YES;
				CLANG_WARN_CONSTANT_CONVERSION = YES;
				CLANG_WARN_DEPRECATED_OBJC_IMPLEMENTATIONS = YES;
				CLANG_WARN_DIRECT_OBJC_ISA_USAGE = YES_ERROR;
				CLANG_WARN_DOCUMENTATION_COMMENTS = YES;
				CLANG_WARN_EMPTY_BODY = YES;
				CLANG_WARN_ENUM_CONVERSION = YES;
				CLANG_WARN_INFINITE_RECURSION = YES;
				CLANG_WARN_INT_CONVERSION = YES;
				CLANG_WARN_NON_LITERAL_NULL_CONVERSION = YES;
				CLANG_WARN_OBJC_IMPLICIT_RETAIN_SELF = YES;
				CLANG_WARN_OBJC_LITERAL_CONVERSION = YES;
				CLANG_WARN_OBJC_ROOT_CLASS = YES_ERROR;
				CLANG_WARN_RANGE_LOOP_ANALYSIS = YES;
				CLANG_WARN_STRICT_PROTOTYPES = YES;
				CLANG_WARN_SUSPICIOUS_MOVE = YES;
				CLANG_WARN_UNGUARDED_AVAILABILITY = YES_AGGRESSIVE;
				CLANG_WARN_UNREACHABLE_CODE = YES;
				CLANG_WARN__DUPLICATE_METHOD_MATCH = YES;
				COPY_PHASE_STRIP = NO;
				DEBUG_INFORMATION_FORMAT = dwarf;
				ENABLE_STRICT_OBJC_MSGSEND = YES;
				ENABLE_TESTABILITY = YES;
				GCC_C_LANGUAGE_STANDARD = gnu11;
				GCC_DYNAMIC_NO_PIC = NO;
				GCC_NO_COMMON_BLOCKS = YES;
				GCC_OPTIMIZATION_LEVEL = 0;
				GCC_PREPROCESSOR_DEFINITIONS = (
					"DEBUG=1",
					"$(inherited)",
				);
				GCC_WARN_64_TO_32_BIT_CONVERSION = YES;
				GCC_WARN_ABOUT_RETURN_TYPE = YES_ERROR;
				GCC_WARN_UNDECLARED_SELECTOR = YES;
				GCC_WARN_UNINITIALIZED_AUTOS = YES_AGGRESSIVE;
				GCC_WARN_UNUSED_FUNCTION = YES;
				GCC_WARN_UNUSED_VARIABLE = YES;
				IPHONEOS_DEPLOYMENT_TARGET = 13.2;
				MTL_ENABLE_DEBUG_INFO = INCLUDE_SOURCE;
				MTL_FAST_MATH = YES;
				ONLY_ACTIVE_ARCH = YES;
				SDKROOT = iphoneos;
				SWIFT_ACTIVE_COMPILATION_CONDITIONS = DEBUG;
				SWIFT_OPTIMIZATION_LEVEL = "-Onone";
			};
			name = Debug;
		};
		84914A9323E2155B005AB616 /* Release */ = {
			isa = XCBuildConfiguration;
			buildSettings = {
				ALWAYS_SEARCH_USER_PATHS = NO;
				CLANG_ANALYZER_NONNULL = YES;
				CLANG_ANALYZER_NUMBER_OBJECT_CONVERSION = YES_AGGRESSIVE;
				CLANG_CXX_LANGUAGE_STANDARD = "gnu++14";
				CLANG_CXX_LIBRARY = "libc++";
				CLANG_ENABLE_MODULES = YES;
				CLANG_ENABLE_OBJC_ARC = YES;
				CLANG_ENABLE_OBJC_WEAK = YES;
				CLANG_WARN_BLOCK_CAPTURE_AUTORELEASING = YES;
				CLANG_WARN_BOOL_CONVERSION = YES;
				CLANG_WARN_COMMA = YES;
				CLANG_WARN_CONSTANT_CONVERSION = YES;
				CLANG_WARN_DEPRECATED_OBJC_IMPLEMENTATIONS = YES;
				CLANG_WARN_DIRECT_OBJC_ISA_USAGE = YES_ERROR;
				CLANG_WARN_DOCUMENTATION_COMMENTS = YES;
				CLANG_WARN_EMPTY_BODY = YES;
				CLANG_WARN_ENUM_CONVERSION = YES;
				CLANG_WARN_INFINITE_RECURSION = YES;
				CLANG_WARN_INT_CONVERSION = YES;
				CLANG_WARN_NON_LITERAL_NULL_CONVERSION = YES;
				CLANG_WARN_OBJC_IMPLICIT_RETAIN_SELF = YES;
				CLANG_WARN_OBJC_LITERAL_CONVERSION = YES;
				CLANG_WARN_OBJC_ROOT_CLASS = YES_ERROR;
				CLANG_WARN_RANGE_LOOP_ANALYSIS = YES;
				CLANG_WARN_STRICT_PROTOTYPES = YES;
				CLANG_WARN_SUSPICIOUS_MOVE = YES;
				CLANG_WARN_UNGUARDED_AVAILABILITY = YES_AGGRESSIVE;
				CLANG_WARN_UNREACHABLE_CODE = YES;
				CLANG_WARN__DUPLICATE_METHOD_MATCH = YES;
				COPY_PHASE_STRIP = NO;
				DEBUG_INFORMATION_FORMAT = "dwarf-with-dsym";
				ENABLE_NS_ASSERTIONS = NO;
				ENABLE_STRICT_OBJC_MSGSEND = YES;
				GCC_C_LANGUAGE_STANDARD = gnu11;
				GCC_NO_COMMON_BLOCKS = YES;
				GCC_WARN_64_TO_32_BIT_CONVERSION = YES;
				GCC_WARN_ABOUT_RETURN_TYPE = YES_ERROR;
				GCC_WARN_UNDECLARED_SELECTOR = YES;
				GCC_WARN_UNINITIALIZED_AUTOS = YES_AGGRESSIVE;
				GCC_WARN_UNUSED_FUNCTION = YES;
				GCC_WARN_UNUSED_VARIABLE = YES;
				IPHONEOS_DEPLOYMENT_TARGET = 13.2;
				MTL_ENABLE_DEBUG_INFO = NO;
				MTL_FAST_MATH = YES;
				SDKROOT = iphoneos;
				SWIFT_COMPILATION_MODE = wholemodule;
				SWIFT_OPTIMIZATION_LEVEL = "-O";
				VALIDATE_PRODUCT = YES;
			};
			name = Release;
		};
		84914A9523E2155B005AB616 /* Debug */ = {
			isa = XCBuildConfiguration;
			buildSettings = {
				ASSETCATALOG_COMPILER_APPICON_NAME = AppIcon;
				CODE_SIGN_STYLE = Automatic;
				DEVELOPMENT_TEAM = R59H9KZBYK;
				INFOPLIST_FILE = IlyinIA_HW2.1_Constrains/Info.plist;
				IPHONEOS_DEPLOYMENT_TARGET = 12.0;
				LD_RUNPATH_SEARCH_PATHS = (
					"$(inherited)",
					"@executable_path/Frameworks",
				);
				PRODUCT_BUNDLE_IDENTIFIER = "HomeWork-2.1.IlyinIA-HW2-1-Constrains";
				PRODUCT_NAME = "$(TARGET_NAME)";
				SWIFT_VERSION = 5.0;
				TARGETED_DEVICE_FAMILY = 1;
			};
			name = Debug;
		};
		84914A9623E2155B005AB616 /* Release */ = {
			isa = XCBuildConfiguration;
			buildSettings = {
				ASSETCATALOG_COMPILER_APPICON_NAME = AppIcon;
				CODE_SIGN_STYLE = Automatic;
				DEVELOPMENT_TEAM = R59H9KZBYK;
				INFOPLIST_FILE = IlyinIA_HW2.1_Constrains/Info.plist;
				IPHONEOS_DEPLOYMENT_TARGET = 12.0;
				LD_RUNPATH_SEARCH_PATHS = (
					"$(inherited)",
					"@executable_path/Frameworks",
				);
				PRODUCT_BUNDLE_IDENTIFIER = "HomeWork-2.1.IlyinIA-HW2-1-Constrains";
				PRODUCT_NAME = "$(TARGET_NAME)";
				SWIFT_VERSION = 5.0;
				TARGETED_DEVICE_FAMILY = 1;
			};
			name = Release;
		};
/* End XCBuildConfiguration section */

/* Begin XCConfigurationList section */
		84914A7B23E21559005AB616 /* Build configuration list for PBXProject "IlyinIA_HW2.1_Constrains" */ = {
			isa = XCConfigurationList;
			buildConfigurations = (
				84914A9223E2155B005AB616 /* Debug */,
				84914A9323E2155B005AB616 /* Release */,
			);
			defaultConfigurationIsVisible = 0;
			defaultConfigurationName = Release;
		};
		84914A9423E2155B005AB616 /* Build configuration list for PBXNativeTarget "IlyinIA_HW2.1_Constrains" */ = {
			isa = XCConfigurationList;
			buildConfigurations = (
				84914A9523E2155B005AB616 /* Debug */,
				84914A9623E2155B005AB616 /* Release */,
			);
			defaultConfigurationIsVisible = 0;
			defaultConfigurationName = Release;
		};
/* End XCConfigurationList section */
	};
	rootObject = 84914A7823E21559005AB616 /* Project object */;
}
